
Microsoft Visual Studio Solution File, Format Version 12.00
# Visual Studio Version 16
VisualStudioVersion = 16.0.29609.76
MinimumVisualStudioVersion = 10.0.40219.1
Project("{9A19103F-16F7-4668-BE54-9A1E7A4F7556}") = "ReduxLite.Net", "ReduxLite.Net\ReduxLite.Net.csproj", "{44E1233D-549B-4877-BAD7-15D86653F1F3}"
EndProject
Project("{2150E333-8FDC-42A3-9474-1A3956D46DE8}") = "Solution Items", "Solution Items", "{B3308BA6-373C-4E78-A466-9545E7DF0C4E}"
	ProjectSection(SolutionItems) = preProject
		.editorconfig = .editorconfig
	EndProjectSection
EndProject
Project("{FAE04EC0-301F-11D3-BF4B-00C04F79EFBC}") = "ReduxLite.Net.Tests", "ReduxLite.Net.Tests\ReduxLite.Net.Tests.csproj", "{625E4946-94FD-4E53-9228-F4D938CC33C2}"
EndProject
Global
	GlobalSection(SolutionConfigurationPlatforms) = preSolution
		Debug|Any CPU = Debug|Any CPU
		Release|Any CPU = Release|Any CPU
	EndGlobalSection
	GlobalSection(ProjectConfigurationPlatforms) = postSolution
		{44E1233D-549B-4877-BAD7-15D86653F1F3}.Debug|Any CPU.ActiveCfg = Debug|Any CPU
		{44E1233D-549B-4877-BAD7-15D86653F1F3}.Debug|Any CPU.Build.0 = Debug|Any CPU
		{44E1233D-549B-4877-BAD7-15D86653F1F3}.Release|Any CPU.ActiveCfg = Release|Any CPU
		{44E1233D-549B-4877-BAD7-15D86653F1F3}.Release|Any CPU.Build.0 = Release|Any CPU
		{625E4946-94FD-4E53-9228-F4D938CC33C2}.Debug|Any CPU.ActiveCfg = Debug|Any CPU
		{625E4946-94FD-4E53-9228-F4D938CC33C2}.Debug|Any CPU.Build.0 = Debug|Any CPU
		{625E4946-94FD-4E53-9228-F4D938CC33C2}.Release|Any CPU.ActiveCfg = Release|Any CPU
		{625E4946-94FD-4E53-9228-F4D938CC33C2}.Release|Any CPU.Build.0 = Release|Any CPU
	EndGlobalSection
	GlobalSection(SolutionProperties) = preSolution
		HideSolutionNode = FALSE
	EndGlobalSection
	GlobalSection(ExtensibilityGlobals) = postSolution
		SolutionGuid = {CAE51E26-2CA8-47BB-9B77-E894F1AE40E6}
	EndGlobalSection
EndGlobal
